
Microsoft Visual Studio Solution File, Format Version 12.00
# Visual Studio Version 16
VisualStudioVersion = 16.0.31729.503
MinimumVisualStudioVersion = 10.0.40219.1
Project("{FAE04EC0-301F-11D3-BF4B-00C04F79EFBC}") = "ClubsAPI", "ClubsAPI\ClubsAPI.csproj", "{0D768E26-4DCA-4075-A4CF-688EA5B0502E}"
EndProject
Global
	GlobalSection(SolutionConfigurationPlatforms) = preSolution
		Debug|Any CPU = Debug|Any CPU
		Release|Any CPU = Release|Any CPU
	EndGlobalSection
	GlobalSection(ProjectConfigurationPlatforms) = postSolution
		{0D768E26-4DCA-4075-A4CF-688EA5B0502E}.Debug|Any CPU.ActiveCfg = Debug|Any CPU
		{0D768E26-4DCA-4075-A4CF-688EA5B0502E}.Debug|Any CPU.Build.0 = Debug|Any CPU
		{0D768E26-4DCA-4075-A4CF-688EA5B0502E}.Release|Any CPU.ActiveCfg = Release|Any CPU
		{0D768E26-4DCA-4075-A4CF-688EA5B0502E}.Release|Any CPU.Build.0 = Release|Any CPU
	EndGlobalSection
	GlobalSection(SolutionProperties) = preSolution
		HideSolutionNode = FALSE
	EndGlobalSection
	GlobalSection(ExtensibilityGlobals) = postSolution
		SolutionGuid = {C1B9D537-8FDF-460F-AF60-817D2191229A}
	EndGlobalSection
EndGlobal
